{
  "lockfileVersion": 4,
  "dependencies": {
    "@redis/bloom": {
      "version": "5.10.0",
      "resolved": "https://registry.npmjs.org/@redis/bloom/-/bloom-5.10.0.tgz",
      "integrity": "sha512-doIF37ob+l47n0rkpRNgU8n4iacBlKM9xLiP1LtTZTvz8TloJB8qx/MgvhMhKdYG+CvCY2aPBnN2706izFn/4A=="
    },
    "@redis/client": {
      "version": "5.10.0",
      "resolved": "https://registry.npmjs.org/@redis/client/-/client-5.10.0.tgz",
      "integrity": "sha512-JXmM4XCoso6C75Mr3lhKA3eNxSzkYi3nCzxDIKY+YOszYsJjuKbFgVtguVPbLMOttN4iu2fXoc2BGhdnYhIOxA=="
    },
    "@redis/json": {
      "version": "5.10.0",
      "resolved": "https://registry.npmjs.org/@redis/json/-/json-5.10.0.tgz",
      "integrity": "sha512-B2G8XlOmTPUuZtD44EMGbtoepQG34RCDXLZbjrtON1Djet0t5Ri7/YPXvL9aomXqP8lLTreaprtyLKF4tmXEEA=="
    },
    "@redis/search": {
      "version": "5.10.0",
      "resolved": "https://registry.npmjs.org/@redis/search/-/search-5.10.0.tgz",
      "integrity": "sha512-3SVcPswoSfp2HnmWbAGUzlbUPn7fOohVu2weUQ0S+EMiQi8jwjL+aN2p6V3TI65eNfVsJ8vyPvqWklm6H6esmg=="
    },
    "@redis/time-series": {
      "version": "5.10.0",
      "resolved": "https://registry.npmjs.org/@redis/time-series/-/time-series-5.10.0.tgz",
      "integrity": "sha512-cPkpddXH5kc/SdRhF0YG0qtjL+noqFT0AcHbQ6axhsPsO7iqPi1cjxgdkE9TNeKiBUUdCaU1DbqkR/LzbzPBhg=="
    },
    "cluster-key-slot": {
      "version": "1.1.2",
      "resolved": "https://registry.npmjs.org/cluster-key-slot/-/cluster-key-slot-1.1.2.tgz",
      "integrity": "sha512-RMr0FhtfXemyinomL4hrWcYJxmX6deFdCxpJzhDttxgO1+bcCnkk+9drydLVDmAMG7NE6aN/fl4F7ucU/90gAA=="
    },
    "lru-cache": {
      "version": "11.2.2",
      "resolved": "https://registry.npmjs.org/lru-cache/-/lru-cache-11.2.2.tgz",
      "integrity": "sha512-F9ODfyqML2coTIsQpSkRHnLSZMtkU8Q+mSfcaIyKwy58u+8k5nvAYeiNhsyMARvzNcXJ9QfWVrcPsC9e9rAxtg=="
    },
    "redis": {
      "version": "5.10.0",
      "resolved": "https://registry.npmjs.org/redis/-/redis-5.10.0.tgz",
      "integrity": "sha512-0/Y+7IEiTgVGPrLFKy8oAEArSyEJkU0zvgV5xyi9NzNQ+SLZmyFbUsWIbgPcd4UdUh00opXGKlXJwMmsis5Byw=="
    }
  }
}
