{
  "lockfileVersion": 4,
  "dependencies": {
    "@redis/bloom": {
      "version": "5.9.0",
      "resolved": "https://registry.npmjs.org/@redis/bloom/-/bloom-5.9.0.tgz",
      "integrity": "sha512-W9D8yfKTWl4tP8lkC3MRYkMz4OfbuzE/W8iObe0jFgoRmgMfkBV+Vj38gvIqZPImtY0WB34YZkX3amYuQebvRQ=="
    },
    "@redis/client": {
      "version": "5.9.0",
      "resolved": "https://registry.npmjs.org/@redis/client/-/client-5.9.0.tgz",
      "integrity": "sha512-EI0Ti5pojD2p7TmcS7RRa+AJVahdQvP/urpcSbK/K9Rlk6+dwMJTQ354pCNGCwfke8x4yKr5+iH85wcERSkwLQ=="
    },
    "@redis/json": {
      "version": "5.9.0",
      "resolved": "https://registry.npmjs.org/@redis/json/-/json-5.9.0.tgz",
      "integrity": "sha512-Bm2jjLYaXdUWPb9RaEywxnjmzw7dWKDZI4MS79mTWPV16R982jVWBj6lY2ZGelJbwxHtEVg4/FSVgYDkuO/MxA=="
    },
    "@redis/search": {
      "version": "5.9.0",
      "resolved": "https://registry.npmjs.org/@redis/search/-/search-5.9.0.tgz",
      "integrity": "sha512-jdk2csmJ29DlpvCIb2ySjix2co14/0iwIT3C0I+7ZaToXgPbgBMB+zfEilSuncI2F9JcVxHki0YtLA0xX3VdpA=="
    },
    "@redis/time-series": {
      "version": "5.9.0",
      "resolved": "https://registry.npmjs.org/@redis/time-series/-/time-series-5.9.0.tgz",
      "integrity": "sha512-W6ILxcyOqhnI7ELKjJXOktIg3w4+aBHugDbVpgVLPZ+YDjObis1M0v7ZzwlpXhlpwsfePfipeSK+KWNuymk52w=="
    },
    "cluster-key-slot": {
      "version": "1.1.2",
      "resolved": "https://registry.npmjs.org/cluster-key-slot/-/cluster-key-slot-1.1.2.tgz",
      "integrity": "sha512-RMr0FhtfXemyinomL4hrWcYJxmX6deFdCxpJzhDttxgO1+bcCnkk+9drydLVDmAMG7NE6aN/fl4F7ucU/90gAA=="
    },
    "lru-cache": {
      "version": "11.2.2",
      "resolved": "https://registry.npmjs.org/lru-cache/-/lru-cache-11.2.2.tgz",
      "integrity": "sha512-F9ODfyqML2coTIsQpSkRHnLSZMtkU8Q+mSfcaIyKwy58u+8k5nvAYeiNhsyMARvzNcXJ9QfWVrcPsC9e9rAxtg=="
    },
    "redis": {
      "version": "5.9.0",
      "resolved": "https://registry.npmjs.org/redis/-/redis-5.9.0.tgz",
      "integrity": "sha512-E8dQVLSyH6UE/C9darFuwq4usOPrqfZ1864kI4RFbr5Oj9ioB9qPF0oJMwX7s8mf6sPYrz84x/Dx1PGF3/0EaQ=="
    }
  }
}
